
Microsoft Visual Studio Solution File, Format Version 12.00
# Visual Studio Version 16
VisualStudioVersion = 16.0.32228.343
MinimumVisualStudioVersion = 10.0.40219.1
Project("{FAE04EC0-301F-11D3-BF4B-00C04F79EFBC}") = "Statistika (Stat App)", "Statistika (Stat App).csproj", "{281E0F62-6F02-4C7A-B814-8F9795E6A5A5}"
EndProject
Global
	GlobalSection(SolutionConfigurationPlatforms) = preSolution
		Debug|Any CPU = Debug|Any CPU
		Release|Any CPU = Release|Any CPU
	EndGlobalSection
	GlobalSection(ProjectConfigurationPlatforms) = postSolution
		{281E0F62-6F02-4C7A-B814-8F9795E6A5A5}.Debug|Any CPU.ActiveCfg = Debug|Any CPU
		{281E0F62-6F02-4C7A-B814-8F9795E6A5A5}.Debug|Any CPU.Build.0 = Debug|Any CPU
		{281E0F62-6F02-4C7A-B814-8F9795E6A5A5}.Release|Any CPU.ActiveCfg = Release|Any CPU
		{281E0F62-6F02-4C7A-B814-8F9795E6A5A5}.Release|Any CPU.Build.0 = Release|Any CPU
	EndGlobalSection
	GlobalSection(SolutionProperties) = preSolution
		HideSolutionNode = FALSE
	EndGlobalSection
	GlobalSection(ExtensibilityGlobals) = postSolution
		SolutionGuid = {DBAEA40D-048F-41BD-9990-A940EFD324E3}
	EndGlobalSection
EndGlobal
